
Microsoft Visual Studio Solution File, Format Version 12.00
# Visual Studio Version 16
VisualStudioVersion = 16.0.30523.141
MinimumVisualStudioVersion = 10.0.40219.1
Project("{9A19103F-16F7-4668-BE54-9A1E7A4F7556}") = "ERWebApi", "ERWebApi\ERWebApi.csproj", "{C3B0509C-4DF2-4EF2-AA41-F495D682A173}"
EndProject
Project("{2150E333-8FDC-42A3-9474-1A3956D46DE8}") = "Business", "Business", "{EB515E7D-E22B-42BA-B2B8-CDDAF1FCF03C}"
EndProject
Project("{9A19103F-16F7-4668-BE54-9A1E7A4F7556}") = "ERWebApi.Business", "ERWebApi.Business\ERWebApi.Business.csproj", "{194F03CC-18C9-4167-A1D8-3A8D1A9F4D46}"
EndProject
Project("{2150E333-8FDC-42A3-9474-1A3956D46DE8}") = "Data", "Data", "{5222F63F-A45D-473B-B867-884E4924C139}"
EndProject
Project("{2150E333-8FDC-42A3-9474-1A3956D46DE8}") = "SQLDataAccess", "SQLDataAccess", "{BCD43584-1B60-4556-84DD-5594AC9D84B3}"
EndProject
Project("{9A19103F-16F7-4668-BE54-9A1E7A4F7556}") = "ERWebApi.SQLDataAccess", "ERWebApi.SQLDataAccess\ERWebApi.SQLDataAccess.csproj", "{86CD6E6B-F240-4918-8331-F5FA847E97B8}"
EndProject
Project("{9A19103F-16F7-4668-BE54-9A1E7A4F7556}") = "ERWebApi.Infrastructure", "ERWebApi.Infrastructure\ERWebApi.Infrastructure.csproj", "{845B9DE6-BE1A-43BC-B431-161CBAD9A638}"
EndProject
Project("{FAE04EC0-301F-11D3-BF4B-00C04F79EFBC}") = "ERWebApi.Test", "ERWebApi.Test\ERWebApi.Test.csproj", "{267B0C37-D73D-4C65-A838-BB038785B75C}"
EndProject
Global
	GlobalSection(SolutionConfigurationPlatforms) = preSolution
		Debug|Any CPU = Debug|Any CPU
		Release|Any CPU = Release|Any CPU
	EndGlobalSection
	GlobalSection(ProjectConfigurationPlatforms) = postSolution
		{C3B0509C-4DF2-4EF2-AA41-F495D682A173}.Debug|Any CPU.ActiveCfg = Debug|Any CPU
		{C3B0509C-4DF2-4EF2-AA41-F495D682A173}.Debug|Any CPU.Build.0 = Debug|Any CPU
		{C3B0509C-4DF2-4EF2-AA41-F495D682A173}.Release|Any CPU.ActiveCfg = Release|Any CPU
		{C3B0509C-4DF2-4EF2-AA41-F495D682A173}.Release|Any CPU.Build.0 = Release|Any CPU
		{194F03CC-18C9-4167-A1D8-3A8D1A9F4D46}.Debug|Any CPU.ActiveCfg = Debug|Any CPU
		{194F03CC-18C9-4167-A1D8-3A8D1A9F4D46}.Debug|Any CPU.Build.0 = Debug|Any CPU
		{194F03CC-18C9-4167-A1D8-3A8D1A9F4D46}.Release|Any CPU.ActiveCfg = Release|Any CPU
		{194F03CC-18C9-4167-A1D8-3A8D1A9F4D46}.Release|Any CPU.Build.0 = Release|Any CPU
		{86CD6E6B-F240-4918-8331-F5FA847E97B8}.Debug|Any CPU.ActiveCfg = Debug|Any CPU
		{86CD6E6B-F240-4918-8331-F5FA847E97B8}.Debug|Any CPU.Build.0 = Debug|Any CPU
		{86CD6E6B-F240-4918-8331-F5FA847E97B8}.Release|Any CPU.ActiveCfg = Release|Any CPU
		{86CD6E6B-F240-4918-8331-F5FA847E97B8}.Release|Any CPU.Build.0 = Release|Any CPU
		{845B9DE6-BE1A-43BC-B431-161CBAD9A638}.Debug|Any CPU.ActiveCfg = Debug|Any CPU
		{845B9DE6-BE1A-43BC-B431-161CBAD9A638}.Debug|Any CPU.Build.0 = Debug|Any CPU
		{845B9DE6-BE1A-43BC-B431-161CBAD9A638}.Release|Any CPU.ActiveCfg = Release|Any CPU
		{845B9DE6-BE1A-43BC-B431-161CBAD9A638}.Release|Any CPU.Build.0 = Release|Any CPU
		{267B0C37-D73D-4C65-A838-BB038785B75C}.Debug|Any CPU.ActiveCfg = Debug|Any CPU
		{267B0C37-D73D-4C65-A838-BB038785B75C}.Debug|Any CPU.Build.0 = Debug|Any CPU
		{267B0C37-D73D-4C65-A838-BB038785B75C}.Release|Any CPU.ActiveCfg = Release|Any CPU
		{267B0C37-D73D-4C65-A838-BB038785B75C}.Release|Any CPU.Build.0 = Release|Any CPU
	EndGlobalSection
	GlobalSection(SolutionProperties) = preSolution
		HideSolutionNode = FALSE
	EndGlobalSection
	GlobalSection(NestedProjects) = preSolution
		{194F03CC-18C9-4167-A1D8-3A8D1A9F4D46} = {EB515E7D-E22B-42BA-B2B8-CDDAF1FCF03C}
		{BCD43584-1B60-4556-84DD-5594AC9D84B3} = {5222F63F-A45D-473B-B867-884E4924C139}
		{86CD6E6B-F240-4918-8331-F5FA847E97B8} = {BCD43584-1B60-4556-84DD-5594AC9D84B3}
	EndGlobalSection
	GlobalSection(ExtensibilityGlobals) = postSolution
		SolutionGuid = {F35891CB-793C-44C9-811E-41C3280D401D}
	EndGlobalSection
EndGlobal
